{"format_version":"1.2","terraform_version":"1.13.1","variables":{"aws_region":{"value":"us-east-1"},"eks_cluster_cidr":{"value":["10.0.11.0/24","10.0.12.0/24"]},"project_name":{"value":"wiz"},"s3_bucket_db_backups_name":{"value":"wiz-s3-bucket-db-backups"}},"planned_values":{"outputs":{"allow_eks_to_ec2_id":{"sensitive":false},"bucket_arn":{"sensitive":false},"bucket_id":{"sensitive":false},"bucket_regional_domain_name":{"sensitive":false},"ec2_instance_sg_id":{"sensitive":false},"eks_pod_sg_id":{"sensitive":false},"instance_ids":{"sensitive":false},"instance_profiles":{"sensitive":false,"type":["tuple",["string","string"]],"value":["PrivilegedEC2InstanceProfile","PrivilegedEC2InstanceProfile"]},"internet_gateway_id":{"sensitive":false},"private_ips":{"sensitive":false},"private_subnets":{"sensitive":false},"public_ips":{"sensitive":false},"public_subnets":{"sensitive":false},"security_group_id":{"sensitive":false},"vpc_id":{"sensitive":false},"website_endpoint":{"sensitive":false}},"root_module":{"child_modules":[{"resources":[{"address":"module.ec2.aws_iam_instance_profile.privileged_instance_profile","mode":"managed","type":"aws_iam_instance_profile","name":"privileged_instance_profile","provider_name":"registry.terraform.io/hashicorp/aws","schema_version":0,"values":{"name":"PrivilegedEC2InstanceProfile","path":"/","role":"PrivilegedEC2Role","tags":null},"sensitive_values":{"tags_all":{}}},{"address":"module.ec2.aws_iam_policy.highly_privileged_policy","mode":"managed","type":"aws_iam_policy","name":"highly_privileged_policy","provider_name":"registry.terraform.io/hashicorp/aws","schema_version":0,"values":{"description":"An overly permissive IAM policy for the EC2 instance (for demonstration).","name":"HighlyPrivilegedEC2Policy","path":"/","policy":"{\"Statement\":[{\"Action\":\"*\",\"Effect\":\"Allow\",\"Resource\":\"*\"}],\"Version\":\"2012-10-17\"}","tags":null},"sensitive_values":{"tags_all":{}},"identity_schema_version":0,"identity":{"arn":null}},{"address":"module.ec2.aws_iam_role.privileged_ec2_role","mode":"managed","type":"aws_iam_role","name":"privileged_ec2_role","provider_name":"registry.terraform.io/hashicorp/aws","schema_version":0,"values":{"assume_role_policy":"{\"Statement\":[{\"Action\":\"sts:AssumeRole\",\"Effect\":\"Allow\",\"Principal\":{\"Service\":\"ec2.amazonaws.com\"}}],\"Version\":\"2012-10-17\"}","description":null,"force_detach_policies":false,"max_session_duration":3600,"name":"PrivilegedEC2Role","path":"/","permissions_boundary":null,"tags":null},"sensitive_values":{"inline_policy":[],"managed_policy_arns":[],"tags_all":{}},"identity_schema_version":0,"identity":{"account_id":null,"name":null}},{"address":"module.ec2.aws_iam_role_policy_attachment.attach_privileged_policy","mode":"managed","type":"aws_iam_role_policy_attachment","name":"attach_privileged_policy","provider_name":"registry.terraform.io/hashicorp/aws","schema_version":0,"values":{"role":"PrivilegedEC2Role"},"sensitive_values":{},"identity_schema_version":0,"identity":{"account_id":null,"policy_arn":null,"role":null}},{"address":"module.ec2.aws_instance.db_instance[0]","mode":"managed","type":"aws_instance","name":"db_instance","index":0,"provider_name":"registry.terraform.io/hashicorp/aws","schema_version":2,"values":{"ami":"ami-009135e5a114fe517","associate_public_ip_address":true,"credit_specification":[],"force_destroy":false,"get_password_data":false,"hibernation":null,"iam_instance_profile":"PrivilegedEC2InstanceProfile","instance_type":"t2.micro","launch_template":[],"region":"us-east-1","source_dest_check":true,"tags":{"Name":"wiz-ec2-mongodb-mongodb-0"},"tags_all":{"Name":"wiz-ec2-mongodb-mongodb-0"},"timeouts":null,"user_data_replace_on_change":false,"volume_tags":null},"sensitive_values":{"capacity_reservation_specification":[],"cpu_options":[],"credit_specification":[],"ebs_block_device":[],"enclave_options":[],"ephemeral_block_device":[],"instance_market_options":[],"ipv6_addresses":[],"launch_template":[],"maintenance_options":[],"metadata_options":[],"network_interface":[],"private_dns_name_options":[],"root_block_device":[],"secondary_private_ips":[],"security_groups":[],"tags":{},"tags_all":{},"vpc_security_group_ids":[]}},{"address":"module.ec2.aws_instance.db_instance[1]","mode":"managed","type":"aws_instance","name":"db_instance","index":1,"provider_name":"registry.terraform.io/hashicorp/aws","schema_version":2,"values":{"ami":"ami-009135e5a114fe517","associate_public_ip_address":true,"credit_specification":[],"force_destroy":false,"get_password_data":false,"hibernation":null,"iam_instance_profile":"PrivilegedEC2InstanceProfile","instance_type":"t2.micro","launch_template":[],"region":"us-east-1","source_dest_check":true,"tags":{"Name":"wiz-ec2-mongodb-mongodb-1"},"tags_all":{"Name":"wiz-ec2-mongodb-mongodb-1"},"timeouts":null,"user_data_replace_on_change":false,"volume_tags":null},"sensitive_values":{"capacity_reservation_specification":[],"cpu_options":[],"credit_specification":[],"ebs_block_device":[],"enclave_options":[],"ephemeral_block_device":[],"instance_market_options":[],"ipv6_addresses":[],"launch_template":[],"maintenance_options":[],"metadata_options":[],"network_interface":[],"private_dns_name_options":[],"root_block_device":[],"secondary_private_ips":[],"security_groups":[],"tags":{},"tags_all":{},"vpc_security_group_ids":[]}},{"address":"module.ec2.aws_security_group.mongo_db_sg","mode":"managed","type":"aws_security_group","name":"mongo_db_sg","provider_name":"registry.terraform.io/hashicorp/aws","schema_version":1,"values":{"description":"Highly permissive security group (DO NOT USE IN PRODUCTION)","egress":[{"cidr_blocks":["0.0.0.0/0"],"description":"","from_port":0,"ipv6_cidr_blocks":[],"prefix_list_ids":[],"protocol":"-1","security_groups":[],"self":false,"to_port":0}],"ingress":[{"cidr_blocks":["0.0.0.0/0"],"description":"","from_port":22,"ipv6_cidr_blocks":[],"prefix_list_ids":[],"protocol":"tcp","security_groups":[],"self":false,"to_port":22},{"cidr_blocks":["10.0.11.0/24","10.0.12.0/24"],"description":"","from_port":27017,"ipv6_cidr_blocks":[],"prefix_list_ids":[],"protocol":"tcp","security_groups":[],"self":false,"to_port":27017}],"name":"db-sg-unsecure","region":"us-east-1","revoke_rules_on_delete":false,"tags":null,"timeouts":null},"sensitive_values":{"egress":[{"cidr_blocks":[false],"ipv6_cidr_blocks":[],"prefix_list_ids":[],"security_groups":[]}],"ingress":[{"cidr_blocks":[false],"ipv6_cidr_blocks":[],"prefix_list_ids":[],"security_groups":[]},{"cidr_blocks":[false,false],"ipv6_cidr_blocks":[],"prefix_list_ids":[],"security_groups":[]}],"tags_all":{}},"identity_schema_version":0,"identity":{"account_id":null,"id":null,"region":null}}],"address":"module.ec2"},{"resources":[{"address":"module.network.aws_eip.elastic_ip[0]","mode":"managed","type":"aws_eip","name":"elastic_ip","index":0,"provider_name":"registry.terraform.io/hashicorp/aws","schema_version":0,"values":{"address":null,"associate_with_private_ip":null,"customer_owned_ipv4_pool":null,"domain":"vpc","region":"us-east-1","tags":null,"timeouts":null},"sensitive_values":{"tags_all":{}}},{"address":"module.network.aws_eip.elastic_ip[1]","mode":"managed","type":"aws_eip","name":"elastic_ip","index":1,"provider_name":"registry.terraform.io/hashicorp/aws","schema_version":0,"values":{"address":null,"associate_with_private_ip":null,"customer_owned_ipv4_pool":null,"domain":"vpc","region":"us-east-1","tags":null,"timeouts":null},"sensitive_values":{"tags_all":{}}},{"address":"module.network.aws_internet_gateway.igw","mode":"managed","type":"aws_internet_gateway","name":"igw","provider_name":"registry.terraform.io/hashicorp/aws","schema_version":0,"values":{"region":"us-east-1","tags":{"Name":"wiz-network-igw"},"tags_all":{"Name":"wiz-network-igw"},"timeouts":null},"sensitive_values":{"tags":{},"tags_all":{}}},{"address":"module.network.aws_nat_gateway.nat[0]","mode":"managed","type":"aws_nat_gateway","name":"nat","index":0,"provider_name":"registry.terraform.io/hashicorp/aws","schema_version":0,"values":{"connectivity_type":"public","region":"us-east-1","tags":{"Name":"wiz-network-nat-gateway-1"},"tags_all":{"Name":"wiz-network-nat-gateway-1"},"timeouts":null},"sensitive_values":{"secondary_allocation_ids":[],"secondary_private_ip_addresses":[],"tags":{},"tags_all":{}}},{"address":"module.network.aws_nat_gateway.nat[1]","mode":"managed","type":"aws_nat_gateway","name":"nat","index":1,"provider_name":"registry.terraform.io/hashicorp/aws","schema_version":0,"values":{"connectivity_type":"public","region":"us-east-1","tags":{"Name":"wiz-network-nat-gateway-2"},"tags_all":{"Name":"wiz-network-nat-gateway-2"},"timeouts":null},"sensitive_values":{"secondary_allocation_ids":[],"secondary_private_ip_addresses":[],"tags":{},"tags_all":{}}},{"address":"module.network.aws_route_table.private[0]","mode":"managed","type":"aws_route_table","name":"private","index":0,"provider_name":"registry.terraform.io/hashicorp/aws","schema_version":0,"values":{"region":"us-east-1","route":[{"carrier_gateway_id":"","cidr_block":"0.0.0.0/0","core_network_arn":"","destination_prefix_list_id":"","egress_only_gateway_id":"","gateway_id":"","ipv6_cidr_block":"","local_gateway_id":"","network_interface_id":"","transit_gateway_id":"","vpc_endpoint_id":"","vpc_peering_connection_id":""}],"tags":{"Name":"wiz-network-private-route-table-1"},"tags_all":{"Name":"wiz-network-private-route-table-1"},"timeouts":null},"sensitive_values":{"propagating_vgws":[],"route":[{}],"tags":{},"tags_all":{}}},{"address":"module.network.aws_route_table.private[1]","mode":"managed","type":"aws_route_table","name":"private","index":1,"provider_name":"registry.terraform.io/hashicorp/aws","schema_version":0,"values":{"region":"us-east-1","route":[{"carrier_gateway_id":"","cidr_block":"0.0.0.0/0","core_network_arn":"","destination_prefix_list_id":"","egress_only_gateway_id":"","gateway_id":"","ipv6_cidr_block":"","local_gateway_id":"","network_interface_id":"","transit_gateway_id":"","vpc_endpoint_id":"","vpc_peering_connection_id":""}],"tags":{"Name":"wiz-network-private-route-table-2"},"tags_all":{"Name":"wiz-network-private-route-table-2"},"timeouts":null},"sensitive_values":{"propagating_vgws":[],"route":[{}],"tags":{},"tags_all":{}}},{"address":"module.network.aws_route_table.public","mode":"managed","type":"aws_route_table","name":"public","provider_name":"registry.terraform.io/hashicorp/aws","schema_version":0,"values":{"region":"us-east-1","route":[{"carrier_gateway_id":"","cidr_block":"0.0.0.0/0","core_network_arn":"","destination_prefix_list_id":"","egress_only_gateway_id":"","ipv6_cidr_block":"","local_gateway_id":"","nat_gateway_id":"","network_interface_id":"","transit_gateway_id":"","vpc_endpoint_id":"","vpc_peering_connection_id":""}],"tags":{"Name":"wiz-network-public-route-table"},"tags_all":{"Name":"wiz-network-public-route-table"},"timeouts":null},"sensitive_values":{"propagating_vgws":[],"route":[{}],"tags":{},"tags_all":{}}},{"address":"module.network.aws_route_table_association.private_assoc[0]","mode":"managed","type":"aws_route_table_association","name":"private_assoc","index":0,"provider_name":"registry.terraform.io/hashicorp/aws","schema_version":0,"values":{"gateway_id":null,"region":"us-east-1","timeouts":null},"sensitive_values":{}},{"address":"module.network.aws_route_table_association.private_assoc[1]","mode":"managed","type":"aws_route_table_association","name":"private_assoc","index":1,"provider_name":"registry.terraform.io/hashicorp/aws","schema_version":0,"values":{"gateway_id":null,"region":"us-east-1","timeouts":null},"sensitive_values":{}},{"address":"module.network.aws_route_table_association.public_assoc[0]","mode":"managed","type":"aws_route_table_association","name":"public_assoc","index":0,"provider_name":"registry.terraform.io/hashicorp/aws","schema_version":0,"values":{"gateway_id":null,"region":"us-east-1","timeouts":null},"sensitive_values":{}},{"address":"module.network.aws_route_table_association.public_assoc[1]","mode":"managed","type":"aws_route_table_association","name":"public_assoc","index":1,"provider_name":"registry.terraform.io/hashicorp/aws","schema_version":0,"values":{"gateway_id":null,"region":"us-east-1","timeouts":null},"sensitive_values":{}},{"address":"module.network.aws_security_group.ec2_instance_sg","mode":"managed","type":"aws_security_group","name":"ec2_instance_sg","provider_name":"registry.terraform.io/hashicorp/aws","schema_version":1,"values":{"description":"EC2 instance security group","name_prefix":"wiz-network-ec2-instance-sg-","region":"us-east-1","revoke_rules_on_delete":false,"tags":{"Name":"wiz-network-ec2-instance-sg"},"tags_all":{"Name":"wiz-network-ec2-instance-sg"},"timeouts":null},"sensitive_values":{"egress":[],"ingress":[],"tags":{},"tags_all":{}},"identity_schema_version":0,"identity":{"account_id":null,"id":null,"region":null}},{"address":"module.network.aws_security_group.eks_pod_sg","mode":"managed","type":"aws_security_group","name":"eks_pod_sg","provider_name":"registry.terraform.io/hashicorp/aws","schema_version":1,"values":{"description":"EKS pod security group","name_prefix":"wiz-network-eks-pod-sg-","region":"us-east-1","revoke_rules_on_delete":false,"tags":{"Name":"wiz-network-eks-pod-sg"},"tags_all":{"Name":"wiz-network-eks-pod-sg"},"timeouts":null},"sensitive_values":{"egress":[],"ingress":[],"tags":{},"tags_all":{}},"identity_schema_version":0,"identity":{"account_id":null,"id":null,"region":null}},{"address":"module.network.aws_subnet.private[0]","mode":"managed","type":"aws_subnet","name":"private","index":0,"provider_name":"registry.terraform.io/hashicorp/aws","schema_version":1,"values":{"assign_ipv6_address_on_creation":false,"availability_zone":"us-east-1a","cidr_block":"10.0.11.0/24","customer_owned_ipv4_pool":null,"enable_dns64":false,"enable_lni_at_device_index":null,"enable_resource_name_dns_a_record_on_launch":false,"enable_resource_name_dns_aaaa_record_on_launch":false,"ipv6_cidr_block":null,"ipv6_native":false,"map_customer_owned_ip_on_launch":null,"map_public_ip_on_launch":false,"outpost_arn":null,"region":"us-east-1","tags":{"Name":"wiz-network-private-subnet-1","kubernetes.io/cluster/wiz-network":"owned","kubernetes.io/role/internal-elb":"1"},"tags_all":{"Name":"wiz-network-private-subnet-1","kubernetes.io/cluster/wiz-network":"owned","kubernetes.io/role/internal-elb":"1"},"timeouts":null},"sensitive_values":{"tags":{},"tags_all":{}},"identity_schema_version":0,"identity":{"account_id":null,"id":null,"region":null}},{"address":"module.network.aws_subnet.private[1]","mode":"managed","type":"aws_subnet","name":"private","index":1,"provider_name":"registry.terraform.io/hashicorp/aws","schema_version":1,"values":{"assign_ipv6_address_on_creation":false,"availability_zone":"us-east-1b","cidr_block":"10.0.12.0/24","customer_owned_ipv4_pool":null,"enable_dns64":false,"enable_lni_at_device_index":null,"enable_resource_name_dns_a_record_on_launch":false,"enable_resource_name_dns_aaaa_record_on_launch":false,"ipv6_cidr_block":null,"ipv6_native":false,"map_customer_owned_ip_on_launch":null,"map_public_ip_on_launch":false,"outpost_arn":null,"region":"us-east-1","tags":{"Name":"wiz-network-private-subnet-2","kubernetes.io/cluster/wiz-network":"owned","kubernetes.io/role/internal-elb":"1"},"tags_all":{"Name":"wiz-network-private-subnet-2","kubernetes.io/cluster/wiz-network":"owned","kubernetes.io/role/internal-elb":"1"},"timeouts":null},"sensitive_values":{"tags":{},"tags_all":{}},"identity_schema_version":0,"identity":{"account_id":null,"id":null,"region":null}},{"address":"module.network.aws_subnet.public[0]","mode":"managed","type":"aws_subnet","name":"public","index":0,"provider_name":"registry.terraform.io/hashicorp/aws","schema_version":1,"values":{"assign_ipv6_address_on_creation":false,"availability_zone":"us-east-1a","cidr_block":"10.0.1.0/24","customer_owned_ipv4_pool":null,"enable_dns64":false,"enable_lni_at_device_index":null,"enable_resource_name_dns_a_record_on_launch":false,"enable_resource_name_dns_aaaa_record_on_launch":false,"ipv6_cidr_block":null,"ipv6_native":false,"map_customer_owned_ip_on_launch":null,"map_public_ip_on_launch":true,"outpost_arn":null,"region":"us-east-1","tags":{"Name":"wiz-network-public-subnet-1","kubernetes.io/cluster/wiz-network":"owned","kubernetes.io/role/elb":"1"},"tags_all":{"Name":"wiz-network-public-subnet-1","kubernetes.io/cluster/wiz-network":"owned","kubernetes.io/role/elb":"1"},"timeouts":null},"sensitive_values":{"tags":{},"tags_all":{}},"identity_schema_version":0,"identity":{"account_id":null,"id":null,"region":null}},{"address":"module.network.aws_subnet.public[1]","mode":"managed","type":"aws_subnet","name":"public","index":1,"provider_name":"registry.terraform.io/hashicorp/aws","schema_version":1,"values":{"assign_ipv6_address_on_creation":false,"availability_zone":"us-east-1b","cidr_block":"10.0.2.0/24","customer_owned_ipv4_pool":null,"enable_dns64":false,"enable_lni_at_device_index":null,"enable_resource_name_dns_a_record_on_launch":false,"enable_resource_name_dns_aaaa_record_on_launch":false,"ipv6_cidr_block":null,"ipv6_native":false,"map_customer_owned_ip_on_launch":null,"map_public_ip_on_launch":true,"outpost_arn":null,"region":"us-east-1","tags":{"Name":"wiz-network-public-subnet-2","kubernetes.io/cluster/wiz-network":"owned","kubernetes.io/role/elb":"1"},"tags_all":{"Name":"wiz-network-public-subnet-2","kubernetes.io/cluster/wiz-network":"owned","kubernetes.io/role/elb":"1"},"timeouts":null},"sensitive_values":{"tags":{},"tags_all":{}},"identity_schema_version":0,"identity":{"account_id":null,"id":null,"region":null}},{"address":"module.network.aws_vpc.main","mode":"managed","type":"aws_vpc","name":"main","provider_name":"registry.terraform.io/hashicorp/aws","schema_version":1,"values":{"assign_generated_ipv6_cidr_block":null,"cidr_block":"10.0.0.0/16","enable_dns_hostnames":true,"enable_dns_support":true,"instance_tenancy":"default","ipv4_ipam_pool_id":null,"ipv4_netmask_length":null,"ipv6_ipam_pool_id":null,"ipv6_netmask_length":null,"region":"us-east-1","tags":{"Name":"wiz-network-vpc"},"tags_all":{"Name":"wiz-network-vpc"}},"sensitive_values":{"tags":{},"tags_all":{}}},{"address":"module.network.aws_vpc_security_group_egress_rule.ec2_all_outbound","mode":"managed","type":"aws_vpc_security_group_egress_rule","name":"ec2_all_outbound","provider_name":"registry.terraform.io/hashicorp/aws","schema_version":0,"values":{"cidr_ipv4":"0.0.0.0/0","cidr_ipv6":null,"description":"Allow all outbound","from_port":null,"ip_protocol":"-1","prefix_list_id":null,"referenced_security_group_id":null,"region":"us-east-1","tags":null,"tags_all":{},"to_port":null},"sensitive_values":{"tags_all":{}}},{"address":"module.network.aws_vpc_security_group_egress_rule.eks_all_outbound","mode":"managed","type":"aws_vpc_security_group_egress_rule","name":"eks_all_outbound","provider_name":"registry.terraform.io/hashicorp/aws","schema_version":0,"values":{"cidr_ipv4":"0.0.0.0/0","cidr_ipv6":null,"description":"Allow all outbound from pods","from_port":null,"ip_protocol":"-1","prefix_list_id":null,"referenced_security_group_id":null,"region":"us-east-1","tags":null,"tags_all":{},"to_port":null},"sensitive_values":{"tags_all":{}}},{"address":"module.network.aws_vpc_security_group_egress_rule.eks_to_ec2","mode":"managed","type":"aws_vpc_security_group_egress_rule","name":"eks_to_ec2","provider_name":"registry.terraform.io/hashicorp/aws","schema_version":0,"values":{"cidr_ipv4":null,"cidr_ipv6":null,"description":"Allow pods to reach EC2 app","from_port":8080,"ip_protocol":"tcp","prefix_list_id":null,"region":"us-east-1","tags":null,"tags_all":{},"to_port":8080},"sensitive_values":{"tags_all":{}}},{"address":"module.network.aws_vpc_security_group_ingress_rule.ec2_from_eks","mode":"managed","type":"aws_vpc_security_group_ingress_rule","name":"ec2_from_eks","provider_name":"registry.terraform.io/hashicorp/aws","schema_version":0,"values":{"cidr_ipv4":null,"cidr_ipv6":null,"description":"Allow app traffic from EKS pods","from_port":8080,"ip_protocol":"tcp","prefix_list_id":null,"region":"us-east-1","tags":null,"tags_all":{},"to_port":8080},"sensitive_values":{"tags_all":{}}},{"address":"module.network.aws_vpc_security_group_ingress_rule.ec2_http","mode":"managed","type":"aws_vpc_security_group_ingress_rule","name":"ec2_http","provider_name":"registry.terraform.io/hashicorp/aws","schema_version":0,"values":{"cidr_ipv4":"0.0.0.0/0","cidr_ipv6":null,"description":"Allow HTTP from all IPs","from_port":80,"ip_protocol":"tcp","prefix_list_id":null,"referenced_security_group_id":null,"region":"us-east-1","tags":null,"tags_all":{},"to_port":80},"sensitive_values":{"tags_all":{}}},{"address":"module.network.aws_vpc_security_group_ingress_rule.ec2_https","mode":"managed","type":"aws_vpc_security_group_ingress_rule","name":"ec2_https","provider_name":"registry.terraform.io/hashicorp/aws","schema_version":0,"values":{"cidr_ipv4":"0.0.0.0/0","cidr_ipv6":null,"description":"Allow HTTPS from all IPs","from_port":443,"ip_protocol":"tcp","prefix_list_id":null,"referenced_security_group_id":null,"region":"us-east-1","tags":null,"tags_all":{},"to_port":443},"sensitive_values":{"tags_all":{}}},{"address":"module.network.aws_vpc_security_group_ingress_rule.ec2_ssh","mode":"managed","type":"aws_vpc_security_group_ingress_rule","name":"ec2_ssh","provider_name":"registry.terraform.io/hashicorp/aws","schema_version":0,"values":{"cidr_ipv4":"0.0.0.0/0","cidr_ipv6":null,"description":"Allow SSH from all IPs","from_port":22,"ip_protocol":"tcp","prefix_list_id":null,"referenced_security_group_id":null,"region":"us-east-1","tags":null,"tags_all":{},"to_port":22},"sensitive_values":{"tags_all":{}}}],"address":"module.network"},{"resources":[{"address":"module.s3_bucket_db_backups.aws_s3_bucket.db_backups_bucket","mode":"managed","type":"aws_s3_bucket","name":"db_backups_bucket","provider_name":"registry.terraform.io/hashicorp/aws","schema_version":0,"values":{"bucket":"wiz-s3-bucket-db-backups","force_destroy":false,"region":"us-east-1","tags":{"Name":"wiz-s3-bucket-db-backups"},"tags_all":{"Name":"wiz-s3-bucket-db-backups"},"timeouts":null},"sensitive_values":{"cors_rule":[],"grant":[],"lifecycle_rule":[],"logging":[],"object_lock_configuration":[],"replication_configuration":[],"server_side_encryption_configuration":[],"tags":{},"tags_all":{},"versioning":[],"website":[]},"identity_schema_version":0,"identity":{"account_id":null,"bucket":null,"region":null}},{"address":"module.s3_bucket_db_backups.aws_s3_bucket_cors_configuration.db_backups_cors","mode":"managed","type":"aws_s3_bucket_cors_configuration","name":"db_backups_cors","provider_name":"registry.terraform.io/hashicorp/aws","schema_version":0,"values":{"cors_rule":[{"allowed_headers":["*"],"allowed_methods":["GET"],"allowed_origins":["*"],"expose_headers":[],"id":"","max_age_seconds":null}],"expected_bucket_owner":null,"region":"us-east-1"},"sensitive_values":{"cors_rule":[{"allowed_headers":[false],"allowed_methods":[false],"allowed_origins":[false],"expose_headers":[]}]}},{"address":"module.s3_bucket_db_backups.aws_s3_bucket_policy.combined_access_policy","mode":"managed","type":"aws_s3_bucket_policy","name":"combined_access_policy","provider_name":"registry.terraform.io/hashicorp/aws","schema_version":0,"values":{"region":"us-east-1"},"sensitive_values":{}},{"address":"module.s3_bucket_db_backups.aws_s3_bucket_public_access_block.public_access","mode":"managed","type":"aws_s3_bucket_public_access_block","name":"public_access","provider_name":"registry.terraform.io/hashicorp/aws","schema_version":0,"values":{"block_public_acls":false,"block_public_policy":false,"ignore_public_acls":false,"region":"us-east-1","restrict_public_buckets":false,"skip_destroy":null},"sensitive_values":{}},{"address":"module.s3_bucket_db_backups.aws_s3_bucket_versioning.db_backups_versioning","mode":"managed","type":"aws_s3_bucket_versioning","name":"db_backups_versioning","provider_name":"registry.terraform.io/hashicorp/aws","schema_version":0,"values":{"expected_bucket_owner":null,"mfa":null,"region":"us-east-1","versioning_configuration":[{"status":"Enabled"}]},"sensitive_values":{"versioning_configuration":[{}]}},{"address":"module.s3_bucket_db_backups.aws_s3_bucket_website_configuration.db_backups_website","mode":"managed","type":"aws_s3_bucket_website_configuration","name":"db_backups_website","provider_name":"registry.terraform.io/hashicorp/aws","schema_version":0,"values":{"error_document":[],"expected_bucket_owner":null,"index_document":[{"suffix":"index.html"}],"redirect_all_requests_to":[],"region":"us-east-1"},"sensitive_values":{"error_document":[],"index_document":[{}],"redirect_all_requests_to":[],"routing_rule":[]}},{"address":"module.s3_bucket_db_backups.data.aws_iam_policy_document.bucket_policy_document","mode":"data","type":"aws_iam_policy_document","name":"bucket_policy_document","provider_name":"registry.terraform.io/hashicorp/aws","schema_version":0,"values":{"override_json":null,"override_policy_documents":null,"policy_id":null,"source_json":null,"source_policy_documents":null,"statement":[{"actions":["s3:GetObject","s3:ListBucket"],"condition":[],"effect":"Allow","not_actions":null,"not_principals":[],"not_resources":null,"principals":[{"identifiers":["*"],"type":"*"}],"resources":[null,null],"sid":"PublicReadGetObject"}],"version":null},"sensitive_values":{"statement":[{"actions":[false,false],"condition":[],"not_principals":[],"principals":[{"identifiers":[false]}],"resources":[false,false]}]}}],"address":"module.s3_bucket_db_backups"}]}},"resource_changes":[{"address":"module.ec2.aws_iam_instance_profile.privileged_instance_profile","module_address":"module.ec2","mode":"managed","type":"aws_iam_instance_profile","name":"privileged_instance_profile","provider_name":"registry.terraform.io/hashicorp/aws","change":{"actions":["create"],"before":null,"after":{"name":"PrivilegedEC2InstanceProfile","path":"/","role":"PrivilegedEC2Role","tags":null},"after_unknown":{"arn":true,"create_date":true,"id":true,"name_prefix":true,"tags_all":true,"unique_id":true},"before_sensitive":false,"after_sensitive":{"tags_all":{}}}},{"address":"module.ec2.aws_iam_policy.highly_privileged_policy","module_address":"module.ec2","mode":"managed","type":"aws_iam_policy","name":"highly_privileged_policy","provider_name":"registry.terraform.io/hashicorp/aws","change":{"actions":["create"],"before":null,"after":{"description":"An overly permissive IAM policy for the EC2 instance (for demonstration).","name":"HighlyPrivilegedEC2Policy","path":"/","policy":"{\"Statement\":[{\"Action\":\"*\",\"Effect\":\"Allow\",\"Resource\":\"*\"}],\"Version\":\"2012-10-17\"}","tags":null},"after_unknown":{"arn":true,"attachment_count":true,"id":true,"name_prefix":true,"policy_id":true,"tags_all":true},"before_sensitive":false,"after_sensitive":{"tags_all":{}},"after_identity":{"arn":null}}},{"address":"module.ec2.aws_iam_role.privileged_ec2_role","module_address":"module.ec2","mode":"managed","type":"aws_iam_role","name":"privileged_ec2_role","provider_name":"registry.terraform.io/hashicorp/aws","change":{"actions":["create"],"before":null,"after":{"assume_role_policy":"{\"Statement\":[{\"Action\":\"sts:AssumeRole\",\"Effect\":\"Allow\",\"Principal\":{\"Service\":\"ec2.amazonaws.com\"}}],\"Version\":\"2012-10-17\"}","description":null,"force_detach_policies":false,"max_session_duration":3600,"name":"PrivilegedEC2Role","path":"/","permissions_boundary":null,"tags":null},"after_unknown":{"arn":true,"create_date":true,"id":true,"inline_policy":true,"managed_policy_arns":true,"name_prefix":true,"tags_all":true,"unique_id":true},"before_sensitive":false,"after_sensitive":{"inline_policy":[],"managed_policy_arns":[],"tags_all":{}},"after_identity":{"account_id":null,"name":null}}},{"address":"module.ec2.aws_iam_role_policy_attachment.attach_privileged_policy","module_address":"module.ec2","mode":"managed","type":"aws_iam_role_policy_attachment","name":"attach_privileged_policy","provider_name":"registry.terraform.io/hashicorp/aws","change":{"actions":["create"],"before":null,"after":{"role":"PrivilegedEC2Role"},"after_unknown":{"id":true,"policy_arn":true},"before_sensitive":false,"after_sensitive":{},"after_identity":{"account_id":null,"policy_arn":null,"role":null}}},{"address":"module.ec2.aws_instance.db_instance[0]","module_address":"module.ec2","mode":"managed","type":"aws_instance","name":"db_instance","index":0,"provider_name":"registry.terraform.io/hashicorp/aws","change":{"actions":["create"],"before":null,"after":{"ami":"ami-009135e5a114fe517","associate_public_ip_address":true,"credit_specification":[],"force_destroy":false,"get_password_data":false,"hibernation":null,"iam_instance_profile":"PrivilegedEC2InstanceProfile","instance_type":"t2.micro","launch_template":[],"region":"us-east-1","source_dest_check":true,"tags":{"Name":"wiz-ec2-mongodb-mongodb-0"},"tags_all":{"Name":"wiz-ec2-mongodb-mongodb-0"},"timeouts":null,"user_data_replace_on_change":false,"volume_tags":null},"after_unknown":{"arn":true,"availability_zone":true,"capacity_reservation_specification":true,"cpu_options":true,"credit_specification":[],"disable_api_stop":true,"disable_api_termination":true,"ebs_block_device":true,"ebs_optimized":true,"enable_primary_ipv6":true,"enclave_options":true,"ephemeral_block_device":true,"host_id":true,"host_resource_group_arn":true,"id":true,"instance_initiated_shutdown_behavior":true,"instance_lifecycle":true,"instance_market_options":true,"instance_state":true,"ipv6_address_count":true,"ipv6_addresses":true,"key_name":true,"launch_template":[],"maintenance_options":true,"metadata_options":true,"monitoring":true,"network_interface":true,"outpost_arn":true,"password_data":true,"placement_group":true,"placement_partition_number":true,"primary_network_interface_id":true,"private_dns":true,"private_dns_name_options":true,"private_ip":true,"public_dns":true,"public_ip":true,"root_block_device":true,"secondary_private_ips":true,"security_groups":true,"spot_instance_request_id":true,"subnet_id":true,"tags":{},"tags_all":{},"tenancy":true,"user_data":true,"user_data_base64":true,"vpc_security_group_ids":true},"before_sensitive":false,"after_sensitive":{"capacity_reservation_specification":[],"cpu_options":[],"credit_specification":[],"ebs_block_device":[],"enclave_options":[],"ephemeral_block_device":[],"instance_market_options":[],"ipv6_addresses":[],"launch_template":[],"maintenance_options":[],"metadata_options":[],"network_interface":[],"private_dns_name_options":[],"root_block_device":[],"secondary_private_ips":[],"security_groups":[],"tags":{},"tags_all":{},"vpc_security_group_ids":[]}}},{"address":"module.ec2.aws_instance.db_instance[1]","module_address":"module.ec2","mode":"managed","type":"aws_instance","name":"db_instance","index":1,"provider_name":"registry.terraform.io/hashicorp/aws","change":{"actions":["create"],"before":null,"after":{"ami":"ami-009135e5a114fe517","associate_public_ip_address":true,"credit_specification":[],"force_destroy":false,"get_password_data":false,"hibernation":null,"iam_instance_profile":"PrivilegedEC2InstanceProfile","instance_type":"t2.micro","launch_template":[],"region":"us-east-1","source_dest_check":true,"tags":{"Name":"wiz-ec2-mongodb-mongodb-1"},"tags_all":{"Name":"wiz-ec2-mongodb-mongodb-1"},"timeouts":null,"user_data_replace_on_change":false,"volume_tags":null},"after_unknown":{"arn":true,"availability_zone":true,"capacity_reservation_specification":true,"cpu_options":true,"credit_specification":[],"disable_api_stop":true,"disable_api_termination":true,"ebs_block_device":true,"ebs_optimized":true,"enable_primary_ipv6":true,"enclave_options":true,"ephemeral_block_device":true,"host_id":true,"host_resource_group_arn":true,"id":true,"instance_initiated_shutdown_behavior":true,"instance_lifecycle":true,"instance_market_options":true,"instance_state":true,"ipv6_address_count":true,"ipv6_addresses":true,"key_name":true,"launch_template":[],"maintenance_options":true,"metadata_options":true,"monitoring":true,"network_interface":true,"outpost_arn":true,"password_data":true,"placement_group":true,"placement_partition_number":true,"primary_network_interface_id":true,"private_dns":true,"private_dns_name_options":true,"private_ip":true,"public_dns":true,"public_ip":true,"root_block_device":true,"secondary_private_ips":true,"security_groups":true,"spot_instance_request_id":true,"subnet_id":true,"tags":{},"tags_all":{},"tenancy":true,"user_data":true,"user_data_base64":true,"vpc_security_group_ids":true},"before_sensitive":false,"after_sensitive":{"capacity_reservation_specification":[],"cpu_options":[],"credit_specification":[],"ebs_block_device":[],"enclave_options":[],"ephemeral_block_device":[],"instance_market_options":[],"ipv6_addresses":[],"launch_template":[],"maintenance_options":[],"metadata_options":[],"network_interface":[],"private_dns_name_options":[],"root_block_device":[],"secondary_private_ips":[],"security_groups":[],"tags":{},"tags_all":{},"vpc_security_group_ids":[]}}},{"address":"module.ec2.aws_security_group.mongo_db_sg","module_address":"module.ec2","mode":"managed","type":"aws_security_group","name":"mongo_db_sg","provider_name":"registry.terraform.io/hashicorp/aws","change":{"actions":["create"],"before":null,"after":{"description":"Highly permissive security group (DO NOT USE IN PRODUCTION)","egress":[{"cidr_blocks":["0.0.0.0/0"],"description":"","from_port":0,"ipv6_cidr_blocks":[],"prefix_list_ids":[],"protocol":"-1","security_groups":[],"self":false,"to_port":0}],"ingress":[{"cidr_blocks":["0.0.0.0/0"],"description":"","from_port":22,"ipv6_cidr_blocks":[],"prefix_list_ids":[],"protocol":"tcp","security_groups":[],"self":false,"to_port":22},{"cidr_blocks":["10.0.11.0/24","10.0.12.0/24"],"description":"","from_port":27017,"ipv6_cidr_blocks":[],"prefix_list_ids":[],"protocol":"tcp","security_groups":[],"self":false,"to_port":27017}],"name":"db-sg-unsecure","region":"us-east-1","revoke_rules_on_delete":false,"tags":null,"timeouts":null},"after_unknown":{"arn":true,"egress":[{"cidr_blocks":[false],"ipv6_cidr_blocks":[],"prefix_list_ids":[],"security_groups":[]}],"id":true,"ingress":[{"cidr_blocks":[false],"ipv6_cidr_blocks":[],"prefix_list_ids":[],"security_groups":[]},{"cidr_blocks":[false,false],"ipv6_cidr_blocks":[],"prefix_list_ids":[],"security_groups":[]}],"name_prefix":true,"owner_id":true,"tags_all":true,"vpc_id":true},"before_sensitive":false,"after_sensitive":{"egress":[{"cidr_blocks":[false],"ipv6_cidr_blocks":[],"prefix_list_ids":[],"security_groups":[]}],"ingress":[{"cidr_blocks":[false],"ipv6_cidr_blocks":[],"prefix_list_ids":[],"security_groups":[]},{"cidr_blocks":[false,false],"ipv6_cidr_blocks":[],"prefix_list_ids":[],"security_groups":[]}],"tags_all":{}},"after_identity":{"account_id":null,"id":null,"region":null}}},{"address":"module.network.aws_eip.elastic_ip[0]","module_address":"module.network","mode":"managed","type":"aws_eip","name":"elastic_ip","index":0,"provider_name":"registry.terraform.io/hashicorp/aws","change":{"actions":["create"],"before":null,"after":{"address":null,"associate_with_private_ip":null,"customer_owned_ipv4_pool":null,"domain":"vpc","region":"us-east-1","tags":null,"timeouts":null},"after_unknown":{"allocation_id":true,"arn":true,"association_id":true,"carrier_ip":true,"customer_owned_ip":true,"id":true,"instance":true,"ipam_pool_id":true,"network_border_group":true,"network_interface":true,"private_dns":true,"private_ip":true,"ptr_record":true,"public_dns":true,"public_ip":true,"public_ipv4_pool":true,"tags_all":true},"before_sensitive":false,"after_sensitive":{"tags_all":{}}}},{"address":"module.network.aws_eip.elastic_ip[1]","module_address":"module.network","mode":"managed","type":"aws_eip","name":"elastic_ip","index":1,"provider_name":"registry.terraform.io/hashicorp/aws","change":{"actions":["create"],"before":null,"after":{"address":null,"associate_with_private_ip":null,"customer_owned_ipv4_pool":null,"domain":"vpc","region":"us-east-1","tags":null,"timeouts":null},"after_unknown":{"allocation_id":true,"arn":true,"association_id":true,"carrier_ip":true,"customer_owned_ip":true,"id":true,"instance":true,"ipam_pool_id":true,"network_border_group":true,"network_interface":true,"private_dns":true,"private_ip":true,"ptr_record":true,"public_dns":true,"public_ip":true,"public_ipv4_pool":true,"tags_all":true},"before_sensitive":false,"after_sensitive":{"tags_all":{}}}},{"address":"module.network.aws_internet_gateway.igw","module_address":"module.network","mode":"managed","type":"aws_internet_gateway","name":"igw","provider_name":"registry.terraform.io/hashicorp/aws","change":{"actions":["create"],"before":null,"after":{"region":"us-east-1","tags":{"Name":"wiz-network-igw"},"tags_all":{"Name":"wiz-network-igw"},"timeouts":null},"after_unknown":{"arn":true,"id":true,"owner_id":true,"tags":{},"tags_all":{},"vpc_id":true},"before_sensitive":false,"after_sensitive":{"tags":{},"tags_all":{}}}},{"address":"module.network.aws_nat_gateway.nat[0]","module_address":"module.network","mode":"managed","type":"aws_nat_gateway","name":"nat","index":0,"provider_name":"registry.terraform.io/hashicorp/aws","change":{"actions":["create"],"before":null,"after":{"connectivity_type":"public","region":"us-east-1","tags":{"Name":"wiz-network-nat-gateway-1"},"tags_all":{"Name":"wiz-network-nat-gateway-1"},"timeouts":null},"after_unknown":{"allocation_id":true,"association_id":true,"id":true,"network_interface_id":true,"private_ip":true,"public_ip":true,"secondary_allocation_ids":true,"secondary_private_ip_address_count":true,"secondary_private_ip_addresses":true,"subnet_id":true,"tags":{},"tags_all":{}},"before_sensitive":false,"after_sensitive":{"secondary_allocation_ids":[],"secondary_private_ip_addresses":[],"tags":{},"tags_all":{}}}},{"address":"module.network.aws_nat_gateway.nat[1]","module_address":"module.network","mode":"managed","type":"aws_nat_gateway","name":"nat","index":1,"provider_name":"registry.terraform.io/hashicorp/aws","change":{"actions":["create"],"before":null,"after":{"connectivity_type":"public","region":"us-east-1","tags":{"Name":"wiz-network-nat-gateway-2"},"tags_all":{"Name":"wiz-network-nat-gateway-2"},"timeouts":null},"after_unknown":{"allocation_id":true,"association_id":true,"id":true,"network_interface_id":true,"private_ip":true,"public_ip":true,"secondary_allocation_ids":true,"secondary_private_ip_address_count":true,"secondary_private_ip_addresses":true,"subnet_id":true,"tags":{},"tags_all":{}},"before_sensitive":false,"after_sensitive":{"secondary_allocation_ids":[],"secondary_private_ip_addresses":[],"tags":{},"tags_all":{}}}},{"address":"module.network.aws_route_table.private[0]","module_address":"module.network","mode":"managed","type":"aws_route_table","name":"private","index":0,"provider_name":"registry.terraform.io/hashicorp/aws","change":{"actions":["create"],"before":null,"after":{"region":"us-east-1","route":[{"carrier_gateway_id":"","cidr_block":"0.0.0.0/0","core_network_arn":"","destination_prefix_list_id":"","egress_only_gateway_id":"","gateway_id":"","ipv6_cidr_block":"","local_gateway_id":"","network_interface_id":"","transit_gateway_id":"","vpc_endpoint_id":"","vpc_peering_connection_id":""}],"tags":{"Name":"wiz-network-private-route-table-1"},"tags_all":{"Name":"wiz-network-private-route-table-1"},"timeouts":null},"after_unknown":{"arn":true,"id":true,"owner_id":true,"propagating_vgws":true,"route":[{"nat_gateway_id":true}],"tags":{},"tags_all":{},"vpc_id":true},"before_sensitive":false,"after_sensitive":{"propagating_vgws":[],"route":[{}],"tags":{},"tags_all":{}}}},{"address":"module.network.aws_route_table.private[1]","module_address":"module.network","mode":"managed","type":"aws_route_table","name":"private","index":1,"provider_name":"registry.terraform.io/hashicorp/aws","change":{"actions":["create"],"before":null,"after":{"region":"us-east-1","route":[{"carrier_gateway_id":"","cidr_block":"0.0.0.0/0","core_network_arn":"","destination_prefix_list_id":"","egress_only_gateway_id":"","gateway_id":"","ipv6_cidr_block":"","local_gateway_id":"","network_interface_id":"","transit_gateway_id":"","vpc_endpoint_id":"","vpc_peering_connection_id":""}],"tags":{"Name":"wiz-network-private-route-table-2"},"tags_all":{"Name":"wiz-network-private-route-table-2"},"timeouts":null},"after_unknown":{"arn":true,"id":true,"owner_id":true,"propagating_vgws":true,"route":[{"nat_gateway_id":true}],"tags":{},"tags_all":{},"vpc_id":true},"before_sensitive":false,"after_sensitive":{"propagating_vgws":[],"route":[{}],"tags":{},"tags_all":{}}}},{"address":"module.network.aws_route_table.public","module_address":"module.network","mode":"managed","type":"aws_route_table","name":"public","provider_name":"registry.terraform.io/hashicorp/aws","change":{"actions":["create"],"before":null,"after":{"region":"us-east-1","route":[{"carrier_gateway_id":"","cidr_block":"0.0.0.0/0","core_network_arn":"","destination_prefix_list_id":"","egress_only_gateway_id":"","ipv6_cidr_block":"","local_gateway_id":"","nat_gateway_id":"","network_interface_id":"","transit_gateway_id":"","vpc_endpoint_id":"","vpc_peering_connection_id":""}],"tags":{"Name":"wiz-network-public-route-table"},"tags_all":{"Name":"wiz-network-public-route-table"},"timeouts":null},"after_unknown":{"arn":true,"id":true,"owner_id":true,"propagating_vgws":true,"route":[{"gateway_id":true}],"tags":{},"tags_all":{},"vpc_id":true},"before_sensitive":false,"after_sensitive":{"propagating_vgws":[],"route":[{}],"tags":{},"tags_all":{}}}},{"address":"module.network.aws_route_table_association.private_assoc[0]","module_address":"module.network","mode":"managed","type":"aws_route_table_association","name":"private_assoc","index":0,"provider_name":"registry.terraform.io/hashicorp/aws","change":{"actions":["create"],"before":null,"after":{"gateway_id":null,"region":"us-east-1","timeouts":null},"after_unknown":{"id":true,"route_table_id":true,"subnet_id":true},"before_sensitive":false,"after_sensitive":{}}},{"address":"module.network.aws_route_table_association.private_assoc[1]","module_address":"module.network","mode":"managed","type":"aws_route_table_association","name":"private_assoc","index":1,"provider_name":"registry.terraform.io/hashicorp/aws","change":{"actions":["create"],"before":null,"after":{"gateway_id":null,"region":"us-east-1","timeouts":null},"after_unknown":{"id":true,"route_table_id":true,"subnet_id":true},"before_sensitive":false,"after_sensitive":{}}},{"address":"module.network.aws_route_table_association.public_assoc[0]","module_address":"module.network","mode":"managed","type":"aws_route_table_association","name":"public_assoc","index":0,"provider_name":"registry.terraform.io/hashicorp/aws","change":{"actions":["create"],"before":null,"after":{"gateway_id":null,"region":"us-east-1","timeouts":null},"after_unknown":{"id":true,"route_table_id":true,"subnet_id":true},"before_sensitive":false,"after_sensitive":{}}},{"address":"module.network.aws_route_table_association.public_assoc[1]","module_address":"module.network","mode":"managed","type":"aws_route_table_association","name":"public_assoc","index":1,"provider_name":"registry.terraform.io/hashicorp/aws","change":{"actions":["create"],"before":null,"after":{"gateway_id":null,"region":"us-east-1","timeouts":null},"after_unknown":{"id":true,"route_table_id":true,"subnet_id":true},"before_sensitive":false,"after_sensitive":{}}},{"address":"module.network.aws_security_group.ec2_instance_sg","module_address":"module.network","mode":"managed","type":"aws_security_group","name":"ec2_instance_sg","provider_name":"registry.terraform.io/hashicorp/aws","change":{"actions":["create"],"before":null,"after":{"description":"EC2 instance security group","name_prefix":"wiz-network-ec2-instance-sg-","region":"us-east-1","revoke_rules_on_delete":false,"tags":{"Name":"wiz-network-ec2-instance-sg"},"tags_all":{"Name":"wiz-network-ec2-instance-sg"},"timeouts":null},"after_unknown":{"arn":true,"egress":true,"id":true,"ingress":true,"name":true,"owner_id":true,"tags":{},"tags_all":{},"vpc_id":true},"before_sensitive":false,"after_sensitive":{"egress":[],"ingress":[],"tags":{},"tags_all":{}},"after_identity":{"account_id":null,"id":null,"region":null}}},{"address":"module.network.aws_security_group.eks_pod_sg","module_address":"module.network","mode":"managed","type":"aws_security_group","name":"eks_pod_sg","provider_name":"registry.terraform.io/hashicorp/aws","change":{"actions":["create"],"before":null,"after":{"description":"EKS pod security group","name_prefix":"wiz-network-eks-pod-sg-","region":"us-east-1","revoke_rules_on_delete":false,"tags":{"Name":"wiz-network-eks-pod-sg"},"tags_all":{"Name":"wiz-network-eks-pod-sg"},"timeouts":null},"after_unknown":{"arn":true,"egress":true,"id":true,"ingress":true,"name":true,"owner_id":true,"tags":{},"tags_all":{},"vpc_id":true},"before_sensitive":false,"after_sensitive":{"egress":[],"ingress":[],"tags":{},"tags_all":{}},"after_identity":{"account_id":null,"id":null,"region":null}}},{"address":"module.network.aws_subnet.private[0]","module_address":"module.network","mode":"managed","type":"aws_subnet","name":"private","index":0,"provider_name":"registry.terraform.io/hashicorp/aws","change":{"actions":["create"],"before":null,"after":{"assign_ipv6_address_on_creation":false,"availability_zone":"us-east-1a","cidr_block":"10.0.11.0/24","customer_owned_ipv4_pool":null,"enable_dns64":false,"enable_lni_at_device_index":null,"enable_resource_name_dns_a_record_on_launch":false,"enable_resource_name_dns_aaaa_record_on_launch":false,"ipv6_cidr_block":null,"ipv6_native":false,"map_customer_owned_ip_on_launch":null,"map_public_ip_on_launch":false,"outpost_arn":null,"region":"us-east-1","tags":{"Name":"wiz-network-private-subnet-1","kubernetes.io/cluster/wiz-network":"owned","kubernetes.io/role/internal-elb":"1"},"tags_all":{"Name":"wiz-network-private-subnet-1","kubernetes.io/cluster/wiz-network":"owned","kubernetes.io/role/internal-elb":"1"},"timeouts":null},"after_unknown":{"arn":true,"availability_zone_id":true,"id":true,"ipv6_cidr_block_association_id":true,"owner_id":true,"private_dns_hostname_type_on_launch":true,"tags":{},"tags_all":{},"vpc_id":true},"before_sensitive":false,"after_sensitive":{"tags":{},"tags_all":{}},"after_identity":{"account_id":null,"id":null,"region":null}}},{"address":"module.network.aws_subnet.private[1]","module_address":"module.network","mode":"managed","type":"aws_subnet","name":"private","index":1,"provider_name":"registry.terraform.io/hashicorp/aws","change":{"actions":["create"],"before":null,"after":{"assign_ipv6_address_on_creation":false,"availability_zone":"us-east-1b","cidr_block":"10.0.12.0/24","customer_owned_ipv4_pool":null,"enable_dns64":false,"enable_lni_at_device_index":null,"enable_resource_name_dns_a_record_on_launch":false,"enable_resource_name_dns_aaaa_record_on_launch":false,"ipv6_cidr_block":null,"ipv6_native":false,"map_customer_owned_ip_on_launch":null,"map_public_ip_on_launch":false,"outpost_arn":null,"region":"us-east-1","tags":{"Name":"wiz-network-private-subnet-2","kubernetes.io/cluster/wiz-network":"owned","kubernetes.io/role/internal-elb":"1"},"tags_all":{"Name":"wiz-network-private-subnet-2","kubernetes.io/cluster/wiz-network":"owned","kubernetes.io/role/internal-elb":"1"},"timeouts":null},"after_unknown":{"arn":true,"availability_zone_id":true,"id":true,"ipv6_cidr_block_association_id":true,"owner_id":true,"private_dns_hostname_type_on_launch":true,"tags":{},"tags_all":{},"vpc_id":true},"before_sensitive":false,"after_sensitive":{"tags":{},"tags_all":{}},"after_identity":{"account_id":null,"id":null,"region":null}}},{"address":"module.network.aws_subnet.public[0]","module_address":"module.network","mode":"managed","type":"aws_subnet","name":"public","index":0,"provider_name":"registry.terraform.io/hashicorp/aws","change":{"actions":["create"],"before":null,"after":{"assign_ipv6_address_on_creation":false,"availability_zone":"us-east-1a","cidr_block":"10.0.1.0/24","customer_owned_ipv4_pool":null,"enable_dns64":false,"enable_lni_at_device_index":null,"enable_resource_name_dns_a_record_on_launch":false,"enable_resource_name_dns_aaaa_record_on_launch":false,"ipv6_cidr_block":null,"ipv6_native":false,"map_customer_owned_ip_on_launch":null,"map_public_ip_on_launch":true,"outpost_arn":null,"region":"us-east-1","tags":{"Name":"wiz-network-public-subnet-1","kubernetes.io/cluster/wiz-network":"owned","kubernetes.io/role/elb":"1"},"tags_all":{"Name":"wiz-network-public-subnet-1","kubernetes.io/cluster/wiz-network":"owned","kubernetes.io/role/elb":"1"},"timeouts":null},"after_unknown":{"arn":true,"availability_zone_id":true,"id":true,"ipv6_cidr_block_association_id":true,"owner_id":true,"private_dns_hostname_type_on_launch":true,"tags":{},"tags_all":{},"vpc_id":true},"before_sensitive":false,"after_sensitive":{"tags":{},"tags_all":{}},"after_identity":{"account_id":null,"id":null,"region":null}}},{"address":"module.network.aws_subnet.public[1]","module_address":"module.network","mode":"managed","type":"aws_subnet","name":"public","index":1,"provider_name":"registry.terraform.io/hashicorp/aws","change":{"actions":["create"],"before":null,"after":{"assign_ipv6_address_on_creation":false,"availability_zone":"us-east-1b","cidr_block":"10.0.2.0/24","customer_owned_ipv4_pool":null,"enable_dns64":false,"enable_lni_at_device_index":null,"enable_resource_name_dns_a_record_on_launch":false,"enable_resource_name_dns_aaaa_record_on_launch":false,"ipv6_cidr_block":null,"ipv6_native":false,"map_customer_owned_ip_on_launch":null,"map_public_ip_on_launch":true,"outpost_arn":null,"region":"us-east-1","tags":{"Name":"wiz-network-public-subnet-2","kubernetes.io/cluster/wiz-network":"owned","kubernetes.io/role/elb":"1"},"tags_all":{"Name":"wiz-network-public-subnet-2","kubernetes.io/cluster/wiz-network":"owned","kubernetes.io/role/elb":"1"},"timeouts":null},"after_unknown":{"arn":true,"availability_zone_id":true,"id":true,"ipv6_cidr_block_association_id":true,"owner_id":true,"private_dns_hostname_type_on_launch":true,"tags":{},"tags_all":{},"vpc_id":true},"before_sensitive":false,"after_sensitive":{"tags":{},"tags_all":{}},"after_identity":{"account_id":null,"id":null,"region":null}}},{"address":"module.network.aws_vpc.main","module_address":"module.network","mode":"managed","type":"aws_vpc","name":"main","provider_name":"registry.terraform.io/hashicorp/aws","change":{"actions":["create"],"before":null,"after":{"assign_generated_ipv6_cidr_block":null,"cidr_block":"10.0.0.0/16","enable_dns_hostnames":true,"enable_dns_support":true,"instance_tenancy":"default","ipv4_ipam_pool_id":null,"ipv4_netmask_length":null,"ipv6_ipam_pool_id":null,"ipv6_netmask_length":null,"region":"us-east-1","tags":{"Name":"wiz-network-vpc"},"tags_all":{"Name":"wiz-network-vpc"}},"after_unknown":{"arn":true,"default_network_acl_id":true,"default_route_table_id":true,"default_security_group_id":true,"dhcp_options_id":true,"enable_network_address_usage_metrics":true,"id":true,"ipv6_association_id":true,"ipv6_cidr_block":true,"ipv6_cidr_block_network_border_group":true,"main_route_table_id":true,"owner_id":true,"tags":{},"tags_all":{}},"before_sensitive":false,"after_sensitive":{"tags":{},"tags_all":{}}}},{"address":"module.network.aws_vpc_security_group_egress_rule.ec2_all_outbound","module_address":"module.network","mode":"managed","type":"aws_vpc_security_group_egress_rule","name":"ec2_all_outbound","provider_name":"registry.terraform.io/hashicorp/aws","change":{"actions":["create"],"before":null,"after":{"cidr_ipv4":"0.0.0.0/0","cidr_ipv6":null,"description":"Allow all outbound","from_port":null,"ip_protocol":"-1","prefix_list_id":null,"referenced_security_group_id":null,"region":"us-east-1","tags":null,"tags_all":{},"to_port":null},"after_unknown":{"arn":true,"id":true,"security_group_id":true,"security_group_rule_id":true,"tags_all":{}},"before_sensitive":false,"after_sensitive":{"tags_all":{}}}},{"address":"module.network.aws_vpc_security_group_egress_rule.eks_all_outbound","module_address":"module.network","mode":"managed","type":"aws_vpc_security_group_egress_rule","name":"eks_all_outbound","provider_name":"registry.terraform.io/hashicorp/aws","change":{"actions":["create"],"before":null,"after":{"cidr_ipv4":"0.0.0.0/0","cidr_ipv6":null,"description":"Allow all outbound from pods","from_port":null,"ip_protocol":"-1","prefix_list_id":null,"referenced_security_group_id":null,"region":"us-east-1","tags":null,"tags_all":{},"to_port":null},"after_unknown":{"arn":true,"id":true,"security_group_id":true,"security_group_rule_id":true,"tags_all":{}},"before_sensitive":false,"after_sensitive":{"tags_all":{}}}},{"address":"module.network.aws_vpc_security_group_egress_rule.eks_to_ec2","module_address":"module.network","mode":"managed","type":"aws_vpc_security_group_egress_rule","name":"eks_to_ec2","provider_name":"registry.terraform.io/hashicorp/aws","change":{"actions":["create"],"before":null,"after":{"cidr_ipv4":null,"cidr_ipv6":null,"description":"Allow pods to reach EC2 app","from_port":8080,"ip_protocol":"tcp","prefix_list_id":null,"region":"us-east-1","tags":null,"tags_all":{},"to_port":8080},"after_unknown":{"arn":true,"id":true,"referenced_security_group_id":true,"security_group_id":true,"security_group_rule_id":true,"tags_all":{}},"before_sensitive":false,"after_sensitive":{"tags_all":{}}}},{"address":"module.network.aws_vpc_security_group_ingress_rule.ec2_from_eks","module_address":"module.network","mode":"managed","type":"aws_vpc_security_group_ingress_rule","name":"ec2_from_eks","provider_name":"registry.terraform.io/hashicorp/aws","change":{"actions":["create"],"before":null,"after":{"cidr_ipv4":null,"cidr_ipv6":null,"description":"Allow app traffic from EKS pods","from_port":8080,"ip_protocol":"tcp","prefix_list_id":null,"region":"us-east-1","tags":null,"tags_all":{},"to_port":8080},"after_unknown":{"arn":true,"id":true,"referenced_security_group_id":true,"security_group_id":true,"security_group_rule_id":true,"tags_all":{}},"before_sensitive":false,"after_sensitive":{"tags_all":{}}}},{"address":"module.network.aws_vpc_security_group_ingress_rule.ec2_http","module_address":"module.network","mode":"managed","type":"aws_vpc_security_group_ingress_rule","name":"ec2_http","provider_name":"registry.terraform.io/hashicorp/aws","change":{"actions":["create"],"before":null,"after":{"cidr_ipv4":"0.0.0.0/0","cidr_ipv6":null,"description":"Allow HTTP from all IPs","from_port":80,"ip_protocol":"tcp","prefix_list_id":null,"referenced_security_group_id":null,"region":"us-east-1","tags":null,"tags_all":{},"to_port":80},"after_unknown":{"arn":true,"id":true,"security_group_id":true,"security_group_rule_id":true,"tags_all":{}},"before_sensitive":false,"after_sensitive":{"tags_all":{}}}},{"address":"module.network.aws_vpc_security_group_ingress_rule.ec2_https","module_address":"module.network","mode":"managed","type":"aws_vpc_security_group_ingress_rule","name":"ec2_https","provider_name":"registry.terraform.io/hashicorp/aws","change":{"actions":["create"],"before":null,"after":{"cidr_ipv4":"0.0.0.0/0","cidr_ipv6":null,"description":"Allow HTTPS from all IPs","from_port":443,"ip_protocol":"tcp","prefix_list_id":null,"referenced_security_group_id":null,"region":"us-east-1","tags":null,"tags_all":{},"to_port":443},"after_unknown":{"arn":true,"id":true,"security_group_id":true,"security_group_rule_id":true,"tags_all":{}},"before_sensitive":false,"after_sensitive":{"tags_all":{}}}},{"address":"module.network.aws_vpc_security_group_ingress_rule.ec2_ssh","module_address":"module.network","mode":"managed","type":"aws_vpc_security_group_ingress_rule","name":"ec2_ssh","provider_name":"registry.terraform.io/hashicorp/aws","change":{"actions":["create"],"before":null,"after":{"cidr_ipv4":"0.0.0.0/0","cidr_ipv6":null,"description":"Allow SSH from all IPs","from_port":22,"ip_protocol":"tcp","prefix_list_id":null,"referenced_security_group_id":null,"region":"us-east-1","tags":null,"tags_all":{},"to_port":22},"after_unknown":{"arn":true,"id":true,"security_group_id":true,"security_group_rule_id":true,"tags_all":{}},"before_sensitive":false,"after_sensitive":{"tags_all":{}}}},{"address":"module.s3_bucket_db_backups.data.aws_iam_policy_document.bucket_policy_document","module_address":"module.s3_bucket_db_backups","mode":"data","type":"aws_iam_policy_document","name":"bucket_policy_document","provider_name":"registry.terraform.io/hashicorp/aws","change":{"actions":["read"],"before":null,"after":{"override_json":null,"override_policy_documents":null,"policy_id":null,"source_json":null,"source_policy_documents":null,"statement":[{"actions":["s3:GetObject","s3:ListBucket"],"condition":[],"effect":"Allow","not_actions":null,"not_principals":[],"not_resources":null,"principals":[{"identifiers":["*"],"type":"*"}],"resources":[null,null],"sid":"PublicReadGetObject"}],"version":null},"after_unknown":{"id":true,"json":true,"minified_json":true,"statement":[{"actions":[false,false],"condition":[],"not_principals":[],"principals":[{"identifiers":[false]}],"resources":[true,true]}]},"before_sensitive":false,"after_sensitive":{"statement":[{"actions":[false,false],"condition":[],"not_principals":[],"principals":[{"identifiers":[false]}],"resources":[false,false]}]}},"action_reason":"read_because_config_unknown"},{"address":"module.s3_bucket_db_backups.aws_s3_bucket.db_backups_bucket","module_address":"module.s3_bucket_db_backups","mode":"managed","type":"aws_s3_bucket","name":"db_backups_bucket","provider_name":"registry.terraform.io/hashicorp/aws","change":{"actions":["create"],"before":null,"after":{"bucket":"wiz-s3-bucket-db-backups","force_destroy":false,"region":"us-east-1","tags":{"Name":"wiz-s3-bucket-db-backups"},"tags_all":{"Name":"wiz-s3-bucket-db-backups"},"timeouts":null},"after_unknown":{"acceleration_status":true,"acl":true,"arn":true,"bucket_domain_name":true,"bucket_prefix":true,"bucket_region":true,"bucket_regional_domain_name":true,"cors_rule":true,"grant":true,"hosted_zone_id":true,"id":true,"lifecycle_rule":true,"logging":true,"object_lock_configuration":true,"object_lock_enabled":true,"policy":true,"replication_configuration":true,"request_payer":true,"server_side_encryption_configuration":true,"tags":{},"tags_all":{},"versioning":true,"website":true,"website_domain":true,"website_endpoint":true},"before_sensitive":false,"after_sensitive":{"cors_rule":[],"grant":[],"lifecycle_rule":[],"logging":[],"object_lock_configuration":[],"replication_configuration":[],"server_side_encryption_configuration":[],"tags":{},"tags_all":{},"versioning":[],"website":[]},"after_identity":{"account_id":null,"bucket":null,"region":null}}},{"address":"module.s3_bucket_db_backups.aws_s3_bucket_cors_configuration.db_backups_cors","module_address":"module.s3_bucket_db_backups","mode":"managed","type":"aws_s3_bucket_cors_configuration","name":"db_backups_cors","provider_name":"registry.terraform.io/hashicorp/aws","change":{"actions":["create"],"before":null,"after":{"cors_rule":[{"allowed_headers":["*"],"allowed_methods":["GET"],"allowed_origins":["*"],"expose_headers":[],"id":"","max_age_seconds":null}],"expected_bucket_owner":null,"region":"us-east-1"},"after_unknown":{"bucket":true,"cors_rule":[{"allowed_headers":[false],"allowed_methods":[false],"allowed_origins":[false],"expose_headers":[]}],"id":true},"before_sensitive":false,"after_sensitive":{"cors_rule":[{"allowed_headers":[false],"allowed_methods":[false],"allowed_origins":[false],"expose_headers":[]}]}}},{"address":"module.s3_bucket_db_backups.aws_s3_bucket_policy.combined_access_policy","module_address":"module.s3_bucket_db_backups","mode":"managed","type":"aws_s3_bucket_policy","name":"combined_access_policy","provider_name":"registry.terraform.io/hashicorp/aws","change":{"actions":["create"],"before":null,"after":{"region":"us-east-1"},"after_unknown":{"bucket":true,"id":true,"policy":true},"before_sensitive":false,"after_sensitive":{}}},{"address":"module.s3_bucket_db_backups.aws_s3_bucket_public_access_block.public_access","module_address":"module.s3_bucket_db_backups","mode":"managed","type":"aws_s3_bucket_public_access_block","name":"public_access","provider_name":"registry.terraform.io/hashicorp/aws","change":{"actions":["create"],"before":null,"after":{"block_public_acls":false,"block_public_policy":false,"ignore_public_acls":false,"region":"us-east-1","restrict_public_buckets":false,"skip_destroy":null},"after_unknown":{"bucket":true,"id":true},"before_sensitive":false,"after_sensitive":{}}},{"address":"module.s3_bucket_db_backups.aws_s3_bucket_versioning.db_backups_versioning","module_address":"module.s3_bucket_db_backups","mode":"managed","type":"aws_s3_bucket_versioning","name":"db_backups_versioning","provider_name":"registry.terraform.io/hashicorp/aws","change":{"actions":["create"],"before":null,"after":{"expected_bucket_owner":null,"mfa":null,"region":"us-east-1","versioning_configuration":[{"status":"Enabled"}]},"after_unknown":{"bucket":true,"id":true,"versioning_configuration":[{"mfa_delete":true}]},"before_sensitive":false,"after_sensitive":{"versioning_configuration":[{}]}}},{"address":"module.s3_bucket_db_backups.aws_s3_bucket_website_configuration.db_backups_website","module_address":"module.s3_bucket_db_backups","mode":"managed","type":"aws_s3_bucket_website_configuration","name":"db_backups_website","provider_name":"registry.terraform.io/hashicorp/aws","change":{"actions":["create"],"before":null,"after":{"error_document":[],"expected_bucket_owner":null,"index_document":[{"suffix":"index.html"}],"redirect_all_requests_to":[],"region":"us-east-1"},"after_unknown":{"bucket":true,"error_document":[],"id":true,"index_document":[{}],"redirect_all_requests_to":[],"routing_rule":true,"routing_rules":true,"website_domain":true,"website_endpoint":true},"before_sensitive":false,"after_sensitive":{"error_document":[],"index_document":[{}],"redirect_all_requests_to":[],"routing_rule":[]}}}],"output_changes":{"allow_eks_to_ec2_id":{"actions":["create"],"before":null,"after_unknown":true,"before_sensitive":false,"after_sensitive":false},"bucket_arn":{"actions":["create"],"before":null,"after_unknown":true,"before_sensitive":false,"after_sensitive":false},"bucket_id":{"actions":["create"],"before":null,"after_unknown":true,"before_sensitive":false,"after_sensitive":false},"bucket_regional_domain_name":{"actions":["create"],"before":null,"after_unknown":true,"before_sensitive":false,"after_sensitive":false},"ec2_instance_sg_id":{"actions":["create"],"before":null,"after_unknown":true,"before_sensitive":false,"after_sensitive":false},"eks_pod_sg_id":{"actions":["create"],"before":null,"after_unknown":true,"before_sensitive":false,"after_sensitive":false},"instance_ids":{"actions":["create"],"before":null,"after":[null,null],"after_unknown":[true,true],"before_sensitive":false,"after_sensitive":false},"instance_profiles":{"actions":["create"],"before":null,"after":["PrivilegedEC2InstanceProfile","PrivilegedEC2InstanceProfile"],"after_unknown":false,"before_sensitive":false,"after_sensitive":false},"internet_gateway_id":{"actions":["create"],"before":null,"after_unknown":true,"before_sensitive":false,"after_sensitive":false},"private_ips":{"actions":["create"],"before":null,"after":[null,null],"after_unknown":[true,true],"before_sensitive":false,"after_sensitive":false},"private_subnets":{"actions":["create"],"before":null,"after":[null,null],"after_unknown":[true,true],"before_sensitive":false,"after_sensitive":false},"public_ips":{"actions":["create"],"before":null,"after":[null,null],"after_unknown":[true,true],"before_sensitive":false,"after_sensitive":false},"public_subnets":{"actions":["create"],"before":null,"after":[null,null],"after_unknown":[true,true],"before_sensitive":false,"after_sensitive":false},"security_group_id":{"actions":["create"],"before":null,"after_unknown":true,"before_sensitive":false,"after_sensitive":false},"vpc_id":{"actions":["create"],"before":null,"after_unknown":true,"before_sensitive":false,"after_sensitive":false},"website_endpoint":{"actions":["create"],"before":null,"after_unknown":true,"before_sensitive":false,"after_sensitive":false}},"prior_state":{"format_version":"1.0","terraform_version":"1.13.1","values":{"outputs":{"instance_profiles":{"sensitive":false,"value":["PrivilegedEC2InstanceProfile","PrivilegedEC2InstanceProfile"],"type":["tuple",["string","string"]]}},"root_module":{"child_modules":[{"resources":[{"address":"module.ec2.data.hcp_packer_artifact.mongo_ami","mode":"data","type":"hcp_packer_artifact","name":"mongo_ami","provider_name":"registry.terraform.io/hashicorp/hcp","schema_version":0,"values":{"bucket_name":"mongodb-ami","build_id":"01K4B1Z0MQKQ3Q2CBFMEVDXSF9","channel_name":null,"component_type":"amazon-ebs.ubuntu","created_at":"2025-09-04T19:13:21.578Z","external_identifier":"ami-009135e5a114fe517","id":"01K4B2BMNATKVR0WH48A6E569V","labels":{"db":"mongodb","environment":"dev","os":"ubuntu"},"organization_id":"ca40fa7c-753f-469c-bb02-d88ab0abed81","packer_run_uuid":"4cd40adb-2aa0-fc68-46bb-d35fa2b48239","platform":"aws","project_id":"18fc2c34-ff2a-499d-abe4-bd9ed41ae29f","region":"us-east-1","revoke_at":null,"version_fingerprint":"01K4B1YZXSR9GE59VZXM6TSADN"},"sensitive_values":{"labels":{}}},{"address":"module.ec2.data.hcp_packer_version.mongo_base","mode":"data","type":"hcp_packer_version","name":"mongo_base","provider_name":"registry.terraform.io/hashicorp/hcp","schema_version":0,"values":{"author_id":"packer","bucket_name":"mongodb-ami","channel_name":"latest","created_at":"2025-09-04T19:06:27.742Z","fingerprint":"01K4B1YZXSR9GE59VZXM6TSADN","id":"01K4B1Z0GYR4HY77C72EVCWW8J","name":"v3","organization_id":"ca40fa7c-753f-469c-bb02-d88ab0abed81","project_id":"18fc2c34-ff2a-499d-abe4-bd9ed41ae29f","revoke_at":"0001-01-01T00:00:00.000Z","updated_at":"2025-09-04T19:13:21.651Z"},"sensitive_values":{}}],"address":"module.ec2"}]}}},"configuration":{"provider_config":{"aws":{"name":"aws","full_name":"registry.terraform.io/hashicorp/aws","version_constraint":"~\u003e 6.9.0","expressions":{"region":{"references":["var.aws_region"]}}},"hcp":{"name":"hcp","full_name":"registry.terraform.io/hashicorp/hcp","version_constraint":"~\u003e 0.109.0"}},"root_module":{"outputs":{"allow_eks_to_ec2_id":{"expression":{"references":["module.network.allow_eks_to_ec2_id","module.network"]},"description":"ID of the allow EKS to EC2 security group rule"},"bucket_arn":{"expression":{"references":["module.s3_bucket_db_backups.bucket_arn","module.s3_bucket_db_backups"]},"description":"The ARN of the S3 bucket."},"bucket_id":{"expression":{"references":["module.s3_bucket_db_backups.bucket_id","module.s3_bucket_db_backups"]},"description":"The ID of the S3 bucket."},"bucket_regional_domain_name":{"expression":{"references":["module.s3_bucket_db_backups.bucket_regional_domain_name","module.s3_bucket_db_backups"]},"description":"The regional domain name of the S3 bucket."},"ec2_instance_sg_id":{"expression":{"references":["module.network.ec2_instance_sg_id","module.network"]},"description":"ID of the EC2 instance security group"},"eks_pod_sg_id":{"expression":{"references":["module.network.eks_pod_sg_id","module.network"]},"description":"ID of the EKS pod security group"},"instance_ids":{"expression":{"references":["module.ec2.instance_ids","module.ec2"]},"description":"A list of the IDs of the EC2 instances."},"instance_profiles":{"expression":{"references":["module.ec2.instance_profiles","module.ec2"]},"description":"A list of the IAM instance profiles associated with the EC2 instances."},"internet_gateway_id":{"expression":{"references":["module.network.internet_gateway_id","module.network"]},"description":"Internet Gateway ID"},"private_ips":{"expression":{"references":["module.ec2.private_ips","module.ec2"]},"description":"A list of the private IP addresses of the EC2 instances."},"private_subnets":{"expression":{"references":["module.network.private_subnet_ids","module.network"]},"description":"List of private subnet IDs"},"public_ips":{"expression":{"references":["module.ec2.public_ips","module.ec2"]},"description":"A list of the public IP addresses assigned to the EC2 instances."},"public_subnets":{"expression":{"references":["module.network.public_subnet_ids","module.network"]},"description":"List of public subnet IDs"},"security_group_id":{"expression":{"references":["module.ec2.security_group_id","module.ec2"]},"description":"The ID of the security group attached to the EC2 instances."},"vpc_id":{"expression":{"references":["module.network.vpc_id","module.network"]},"description":"VPC ID where resources are deployed"},"website_endpoint":{"expression":{"references":["module.s3_bucket_db_backups.website_endpoint","module.s3_bucket_db_backups"]},"description":"The S3 static website endpoint URL."}},"module_calls":{"ec2":{"source":"./modules/aws/ec2","expressions":{"aws_region":{"references":["var.aws_region"]},"eks_cluster_cidr":{"references":["var.eks_cluster_cidr"]},"name":{"references":["var.project_name"]},"public_subnet_ids":{"references":["module.network.public_subnet_ids","module.network"]},"s3_bucket_name":{"references":["module.s3_bucket_db_backups.bucket_id","module.s3_bucket_db_backups"]},"vpc_id":{"references":["module.network.vpc_id","module.network"]}},"module":{"outputs":{"instance_ids":{"expression":{"references":["aws_instance.db_instance"]},"description":"A list of the IDs of the EC2 instances."},"instance_profiles":{"expression":{"references":["aws_instance.db_instance"]},"description":"A list of the IAM instance profiles associated with the EC2 instances."},"private_ips":{"expression":{"references":["aws_instance.db_instance"]},"description":"A list of the private IP addresses of the EC2 instances."},"public_ips":{"expression":{"references":["aws_instance.db_instance"]},"description":"A list of the public IP addresses assigned to the EC2 instances."},"security_group_id":{"expression":{"references":["aws_security_group.mongo_db_sg.id","aws_security_group.mongo_db_sg"]},"description":"The ID of the security group attached to the EC2 instances."}},"resources":[{"address":"aws_iam_instance_profile.privileged_instance_profile","mode":"managed","type":"aws_iam_instance_profile","name":"privileged_instance_profile","provider_config_key":"aws","expressions":{"name":{"constant_value":"PrivilegedEC2InstanceProfile"},"role":{"references":["aws_iam_role.privileged_ec2_role.name","aws_iam_role.privileged_ec2_role"]}},"schema_version":0},{"address":"aws_iam_policy.highly_privileged_policy","mode":"managed","type":"aws_iam_policy","name":"highly_privileged_policy","provider_config_key":"aws","expressions":{"description":{"constant_value":"An overly permissive IAM policy for the EC2 instance (for demonstration)."},"name":{"constant_value":"HighlyPrivilegedEC2Policy"},"policy":{}},"schema_version":0},{"address":"aws_iam_role.privileged_ec2_role","mode":"managed","type":"aws_iam_role","name":"privileged_ec2_role","provider_config_key":"aws","expressions":{"assume_role_policy":{},"name":{"constant_value":"PrivilegedEC2Role"}},"schema_version":0},{"address":"aws_iam_role_policy_attachment.attach_privileged_policy","mode":"managed","type":"aws_iam_role_policy_attachment","name":"attach_privileged_policy","provider_config_key":"aws","expressions":{"policy_arn":{"references":["aws_iam_policy.highly_privileged_policy.arn","aws_iam_policy.highly_privileged_policy"]},"role":{"references":["aws_iam_role.privileged_ec2_role.name","aws_iam_role.privileged_ec2_role"]}},"schema_version":0},{"address":"aws_instance.db_instance","mode":"managed","type":"aws_instance","name":"db_instance","provider_config_key":"aws","expressions":{"ami":{"references":["data.hcp_packer_artifact.mongo_ami.external_identifier","data.hcp_packer_artifact.mongo_ami"]},"associate_public_ip_address":{"constant_value":true},"iam_instance_profile":{"references":["aws_iam_instance_profile.privileged_instance_profile.name","aws_iam_instance_profile.privileged_instance_profile"]},"instance_type":{"constant_value":"t2.micro"},"subnet_id":{"references":["var.public_subnet_ids","count.index"]},"tags":{"references":["var.name","count.index"]},"user_data":{"references":["var.s3_bucket_name"]},"vpc_security_group_ids":{"references":["aws_security_group.mongo_db_sg.id","aws_security_group.mongo_db_sg"]}},"schema_version":2,"count_expression":{"references":["var.public_subnet_ids"]}},{"address":"aws_security_group.mongo_db_sg","mode":"managed","type":"aws_security_group","name":"mongo_db_sg","provider_config_key":"aws","expressions":{"description":{"constant_value":"Highly permissive security group (DO NOT USE IN PRODUCTION)"},"egress":{"constant_value":[{"cidr_blocks":["0.0.0.0/0"],"description":null,"from_port":0,"ipv6_cidr_blocks":null,"prefix_list_ids":null,"protocol":"-1","security_groups":null,"self":null,"to_port":0}]},"ingress":{"references":["var.eks_cluster_cidr"]},"name":{"constant_value":"db-sg-unsecure"},"vpc_id":{"references":["var.vpc_id"]}},"schema_version":1},{"address":"data.hcp_packer_artifact.mongo_ami","mode":"data","type":"hcp_packer_artifact","name":"mongo_ami","provider_config_key":"hcp","expressions":{"bucket_name":{"references":["data.hcp_packer_version.mongo_base.bucket_name","data.hcp_packer_version.mongo_base"]},"platform":{"constant_value":"aws"},"region":{"references":["var.aws_region"]},"version_fingerprint":{"references":["data.hcp_packer_version.mongo_base.fingerprint","data.hcp_packer_version.mongo_base"]}},"schema_version":0},{"address":"data.hcp_packer_version.mongo_base","mode":"data","type":"hcp_packer_version","name":"mongo_base","provider_config_key":"hcp","expressions":{"bucket_name":{"constant_value":"mongodb-ami"},"channel_name":{"constant_value":"latest"}},"schema_version":0}],"variables":{"aws_region":{"default":"us-east-1","description":"AWS region"},"eks_cluster_cidr":{"default":["10.0.11.0/24","10.0.12.0/24"],"description":"The CIDR block of the EKS cluster for MongoDB access control."},"name":{"default":"ec2","description":"EC2 Instance Name"},"public_subnet_ids":{"description":"A list of public subnet IDs to deploy the EC2 instance into."},"s3_bucket_name":{"description":"The S3 bucket name to store MongoDB backups."},"vpc_id":{"description":"The VPC ID to deploy the EC2 instance into."}}}},"network":{"source":"./modules/aws/network","expressions":{"name":{"references":["var.project_name"]}},"module":{"outputs":{"allow_eks_to_ec2_id":{"expression":{"references":["aws_vpc_security_group_ingress_rule.ec2_from_eks.id","aws_vpc_security_group_ingress_rule.ec2_from_eks"]},"description":"ID of the allow EKS to EC2 security group rule"},"ec2_instance_sg_id":{"expression":{"references":["aws_security_group.ec2_instance_sg.id","aws_security_group.ec2_instance_sg"]},"description":"ID of the EC2 instance security group"},"eks_pod_sg_id":{"expression":{"references":["aws_security_group.eks_pod_sg.id","aws_security_group.eks_pod_sg"]},"description":"ID of the EKS pod security group"},"internet_gateway_id":{"expression":{"references":["aws_internet_gateway.igw.id","aws_internet_gateway.igw"]}},"nat_gateway_ids":{"expression":{"references":["aws_nat_gateway.nat"]},"description":"List of NAT Gateway IDs"},"private_subnet_ids":{"expression":{"references":["aws_subnet.private"]},"description":"List of private subnet IDs"},"public_subnet_ids":{"expression":{"references":["aws_subnet.public"]},"description":"List of public subnet IDs"},"vpc_id":{"expression":{"references":["aws_vpc.main.id","aws_vpc.main"]}}},"resources":[{"address":"aws_eip.elastic_ip","mode":"managed","type":"aws_eip","name":"elastic_ip","provider_config_key":"aws","expressions":{"domain":{"constant_value":"vpc"}},"schema_version":0,"count_expression":{"constant_value":2}},{"address":"aws_internet_gateway.igw","mode":"managed","type":"aws_internet_gateway","name":"igw","provider_config_key":"aws","expressions":{"tags":{"references":["var.name"]},"vpc_id":{"references":["aws_vpc.main.id","aws_vpc.main"]}},"schema_version":0},{"address":"aws_nat_gateway.nat","mode":"managed","type":"aws_nat_gateway","name":"nat","provider_config_key":"aws","expressions":{"allocation_id":{"references":["aws_eip.elastic_ip","count.index"]},"subnet_id":{"references":["aws_subnet.public","count.index"]},"tags":{"references":["var.name","count.index"]}},"schema_version":0,"count_expression":{"constant_value":2},"depends_on":["aws_internet_gateway.igw"]},{"address":"aws_route_table.private","mode":"managed","type":"aws_route_table","name":"private","provider_config_key":"aws","expressions":{"route":{"references":["aws_nat_gateway.nat","count.index"]},"tags":{"references":["var.name","count.index"]},"vpc_id":{"references":["aws_vpc.main.id","aws_vpc.main"]}},"schema_version":0,"count_expression":{"constant_value":2}},{"address":"aws_route_table.public","mode":"managed","type":"aws_route_table","name":"public","provider_config_key":"aws","expressions":{"route":{"references":["aws_internet_gateway.igw.id","aws_internet_gateway.igw"]},"tags":{"references":["var.name"]},"vpc_id":{"references":["aws_vpc.main.id","aws_vpc.main"]}},"schema_version":0},{"address":"aws_route_table_association.private_assoc","mode":"managed","type":"aws_route_table_association","name":"private_assoc","provider_config_key":"aws","expressions":{"route_table_id":{"references":["aws_route_table.private","count.index"]},"subnet_id":{"references":["aws_subnet.private","count.index"]}},"schema_version":0,"count_expression":{"constant_value":2}},{"address":"aws_route_table_association.public_assoc","mode":"managed","type":"aws_route_table_association","name":"public_assoc","provider_config_key":"aws","expressions":{"route_table_id":{"references":["aws_route_table.public.id","aws_route_table.public"]},"subnet_id":{"references":["aws_subnet.public","count.index"]}},"schema_version":0,"count_expression":{"constant_value":2}},{"address":"aws_security_group.ec2_instance_sg","mode":"managed","type":"aws_security_group","name":"ec2_instance_sg","provider_config_key":"aws","expressions":{"description":{"constant_value":"EC2 instance security group"},"name_prefix":{"references":["var.name"]},"tags":{"references":["var.name"]},"vpc_id":{"references":["aws_vpc.main.id","aws_vpc.main"]}},"schema_version":1},{"address":"aws_security_group.eks_pod_sg","mode":"managed","type":"aws_security_group","name":"eks_pod_sg","provider_config_key":"aws","expressions":{"description":{"constant_value":"EKS pod security group"},"name_prefix":{"references":["var.name"]},"tags":{"references":["var.name"]},"vpc_id":{"references":["aws_vpc.main.id","aws_vpc.main"]}},"schema_version":1},{"address":"aws_subnet.private","mode":"managed","type":"aws_subnet","name":"private","provider_config_key":"aws","expressions":{"availability_zone":{"references":["var.azs","count.index"]},"cidr_block":{"references":["var.private_subnet_cidrs","count.index"]},"tags":{"references":["var.name","count.index","var.name"]},"vpc_id":{"references":["aws_vpc.main.id","aws_vpc.main"]}},"schema_version":1,"count_expression":{"constant_value":2}},{"address":"aws_subnet.public","mode":"managed","type":"aws_subnet","name":"public","provider_config_key":"aws","expressions":{"availability_zone":{"references":["var.azs","count.index"]},"cidr_block":{"references":["var.public_subnet_cidrs","count.index"]},"map_public_ip_on_launch":{"constant_value":true},"tags":{"references":["var.name","count.index","var.name"]},"vpc_id":{"references":["aws_vpc.main.id","aws_vpc.main"]}},"schema_version":1,"count_expression":{"constant_value":2}},{"address":"aws_vpc.main","mode":"managed","type":"aws_vpc","name":"main","provider_config_key":"aws","expressions":{"cidr_block":{"references":["var.vpc_cidr"]},"enable_dns_hostnames":{"constant_value":true},"enable_dns_support":{"constant_value":true},"tags":{"references":["var.name"]}},"schema_version":1},{"address":"aws_vpc_security_group_egress_rule.ec2_all_outbound","mode":"managed","type":"aws_vpc_security_group_egress_rule","name":"ec2_all_outbound","provider_config_key":"aws","expressions":{"cidr_ipv4":{"constant_value":"0.0.0.0/0"},"description":{"constant_value":"Allow all outbound"},"ip_protocol":{"constant_value":"-1"},"security_group_id":{"references":["aws_security_group.ec2_instance_sg.id","aws_security_group.ec2_instance_sg"]}},"schema_version":0},{"address":"aws_vpc_security_group_egress_rule.eks_all_outbound","mode":"managed","type":"aws_vpc_security_group_egress_rule","name":"eks_all_outbound","provider_config_key":"aws","expressions":{"cidr_ipv4":{"constant_value":"0.0.0.0/0"},"description":{"constant_value":"Allow all outbound from pods"},"ip_protocol":{"constant_value":"-1"},"security_group_id":{"references":["aws_security_group.eks_pod_sg.id","aws_security_group.eks_pod_sg"]}},"schema_version":0},{"address":"aws_vpc_security_group_egress_rule.eks_to_ec2","mode":"managed","type":"aws_vpc_security_group_egress_rule","name":"eks_to_ec2","provider_config_key":"aws","expressions":{"description":{"constant_value":"Allow pods to reach EC2 app"},"from_port":{"constant_value":8080},"ip_protocol":{"constant_value":"tcp"},"referenced_security_group_id":{"references":["aws_security_group.ec2_instance_sg.id","aws_security_group.ec2_instance_sg"]},"security_group_id":{"references":["aws_security_group.eks_pod_sg.id","aws_security_group.eks_pod_sg"]},"to_port":{"constant_value":8080}},"schema_version":0},{"address":"aws_vpc_security_group_ingress_rule.ec2_from_eks","mode":"managed","type":"aws_vpc_security_group_ingress_rule","name":"ec2_from_eks","provider_config_key":"aws","expressions":{"description":{"constant_value":"Allow app traffic from EKS pods"},"from_port":{"constant_value":8080},"ip_protocol":{"constant_value":"tcp"},"referenced_security_group_id":{"references":["aws_security_group.eks_pod_sg.id","aws_security_group.eks_pod_sg"]},"security_group_id":{"references":["aws_security_group.ec2_instance_sg.id","aws_security_group.ec2_instance_sg"]},"to_port":{"constant_value":8080}},"schema_version":0},{"address":"aws_vpc_security_group_ingress_rule.ec2_http","mode":"managed","type":"aws_vpc_security_group_ingress_rule","name":"ec2_http","provider_config_key":"aws","expressions":{"cidr_ipv4":{"constant_value":"0.0.0.0/0"},"description":{"constant_value":"Allow HTTP from all IPs"},"from_port":{"constant_value":80},"ip_protocol":{"constant_value":"tcp"},"security_group_id":{"references":["aws_security_group.ec2_instance_sg.id","aws_security_group.ec2_instance_sg"]},"to_port":{"constant_value":80}},"schema_version":0},{"address":"aws_vpc_security_group_ingress_rule.ec2_https","mode":"managed","type":"aws_vpc_security_group_ingress_rule","name":"ec2_https","provider_config_key":"aws","expressions":{"cidr_ipv4":{"constant_value":"0.0.0.0/0"},"description":{"constant_value":"Allow HTTPS from all IPs"},"from_port":{"constant_value":443},"ip_protocol":{"constant_value":"tcp"},"security_group_id":{"references":["aws_security_group.ec2_instance_sg.id","aws_security_group.ec2_instance_sg"]},"to_port":{"constant_value":443}},"schema_version":0},{"address":"aws_vpc_security_group_ingress_rule.ec2_ssh","mode":"managed","type":"aws_vpc_security_group_ingress_rule","name":"ec2_ssh","provider_config_key":"aws","expressions":{"cidr_ipv4":{"constant_value":"0.0.0.0/0"},"description":{"constant_value":"Allow SSH from all IPs"},"from_port":{"constant_value":22},"ip_protocol":{"constant_value":"tcp"},"security_group_id":{"references":["aws_security_group.ec2_instance_sg.id","aws_security_group.ec2_instance_sg"]},"to_port":{"constant_value":22}},"schema_version":0}],"variables":{"azs":{"default":["us-east-1a","us-east-1b"]},"name":{"default":"s3_bucket_db_backups","description":"Prefix name for resources"},"private_subnet_cidrs":{"default":["10.0.11.0/24","10.0.12.0/24"]},"public_subnet_cidrs":{"default":["10.0.1.0/24","10.0.2.0/24"]},"vpc_cidr":{"default":"10.0.0.0/16","description":"CIDR block for the VPC"}}}},"s3_bucket_db_backups":{"source":"./modules/aws/s3","expressions":{"name":{"references":["var.s3_bucket_db_backups_name"]}},"module":{"outputs":{"bucket_arn":{"expression":{"references":["aws_s3_bucket.db_backups_bucket.arn","aws_s3_bucket.db_backups_bucket"]},"description":"The ARN of the S3 bucket."},"bucket_id":{"expression":{"references":["aws_s3_bucket.db_backups_bucket.id","aws_s3_bucket.db_backups_bucket"]},"description":"The ID of the S3 bucket."},"bucket_regional_domain_name":{"expression":{"references":["aws_s3_bucket.db_backups_bucket.bucket_regional_domain_name","aws_s3_bucket.db_backups_bucket"]},"description":"The regional domain name of the S3 bucket."},"website_endpoint":{"expression":{"references":["aws_s3_bucket_website_configuration.db_backups_website.website_endpoint","aws_s3_bucket_website_configuration.db_backups_website"]},"description":"The S3 static website endpoint URL."}},"resources":[{"address":"aws_s3_bucket.db_backups_bucket","mode":"managed","type":"aws_s3_bucket","name":"db_backups_bucket","provider_config_key":"aws","expressions":{"bucket":{"references":["var.name"]},"tags":{"references":["var.name"]}},"schema_version":0},{"address":"aws_s3_bucket_cors_configuration.db_backups_cors","mode":"managed","type":"aws_s3_bucket_cors_configuration","name":"db_backups_cors","provider_config_key":"aws","expressions":{"bucket":{"references":["aws_s3_bucket.db_backups_bucket.id","aws_s3_bucket.db_backups_bucket"]},"cors_rule":[{"allowed_headers":{"constant_value":["*"]},"allowed_methods":{"constant_value":["GET"]},"allowed_origins":{"constant_value":["*"]}}]},"schema_version":0},{"address":"aws_s3_bucket_policy.combined_access_policy","mode":"managed","type":"aws_s3_bucket_policy","name":"combined_access_policy","provider_config_key":"aws","expressions":{"bucket":{"references":["aws_s3_bucket.db_backups_bucket.id","aws_s3_bucket.db_backups_bucket"]},"policy":{"references":["data.aws_iam_policy_document.bucket_policy_document.json","data.aws_iam_policy_document.bucket_policy_document"]}},"schema_version":0},{"address":"aws_s3_bucket_public_access_block.public_access","mode":"managed","type":"aws_s3_bucket_public_access_block","name":"public_access","provider_config_key":"aws","expressions":{"block_public_acls":{"constant_value":false},"block_public_policy":{"constant_value":false},"bucket":{"references":["aws_s3_bucket.db_backups_bucket.id","aws_s3_bucket.db_backups_bucket"]},"ignore_public_acls":{"constant_value":false},"restrict_public_buckets":{"constant_value":false}},"schema_version":0},{"address":"aws_s3_bucket_versioning.db_backups_versioning","mode":"managed","type":"aws_s3_bucket_versioning","name":"db_backups_versioning","provider_config_key":"aws","expressions":{"bucket":{"references":["aws_s3_bucket.db_backups_bucket.id","aws_s3_bucket.db_backups_bucket"]},"versioning_configuration":[{"status":{"constant_value":"Enabled"}}]},"schema_version":0},{"address":"aws_s3_bucket_website_configuration.db_backups_website","mode":"managed","type":"aws_s3_bucket_website_configuration","name":"db_backups_website","provider_config_key":"aws","expressions":{"bucket":{"references":["aws_s3_bucket.db_backups_bucket.id","aws_s3_bucket.db_backups_bucket"]},"index_document":[{"suffix":{"constant_value":"index.html"}}]},"schema_version":0},{"address":"data.aws_iam_policy_document.bucket_policy_document","mode":"data","type":"aws_iam_policy_document","name":"bucket_policy_document","provider_config_key":"aws","expressions":{"statement":[{"actions":{"constant_value":["s3:GetObject","s3:ListBucket"]},"effect":{"constant_value":"Allow"},"principals":[{"identifiers":{"constant_value":["*"]},"type":{"constant_value":"*"}}],"resources":{"references":["aws_s3_bucket.db_backups_bucket.arn","aws_s3_bucket.db_backups_bucket","aws_s3_bucket.db_backups_bucket.arn","aws_s3_bucket.db_backups_bucket"]},"sid":{"constant_value":"PublicReadGetObject"}}]},"schema_version":0}],"variables":{"name":{"default":"wiz","description":"Bucket Name"}}}}},"variables":{"aws_region":{"default":"us-east-1","description":"AWS Region"},"eks_cluster_cidr":{"default":["10.0.11.0/24","10.0.12.0/24"],"description":"The CIDR block of the EKS cluster for MongoDB access control."},"project_name":{"default":"wiz","description":"Project Name"},"s3_bucket_db_backups_name":{"default":"wiz-s3-bucket-db-backups","description":"S3 Bucket Name for DB Backups"}}}},"relevant_attributes":[{"resource":"module.network.aws_security_group.eks_pod_sg","attribute":["id"]},{"resource":"module.network.aws_subnet.private","attribute":[]},{"resource":"module.ec2.aws_iam_policy.highly_privileged_policy","attribute":["arn"]},{"resource":"module.network.aws_vpc_security_group_ingress_rule.ec2_from_eks","attribute":["id"]},{"resource":"module.network.aws_eip.elastic_ip","attribute":[]},{"resource":"module.ec2.aws_iam_instance_profile.privileged_instance_profile","attribute":["name"]},{"resource":"module.network.aws_route_table.public","attribute":["id"]},{"resource":"module.ec2.aws_iam_role.privileged_ec2_role","attribute":["name"]},{"resource":"module.network.aws_internet_gateway.igw","attribute":["id"]},{"resource":"module.network.aws_security_group.ec2_instance_sg","attribute":["id"]},{"resource":"module.network.aws_subnet.public","attribute":[]},{"resource":"module.s3_bucket_db_backups.aws_s3_bucket.db_backups_bucket","attribute":["arn"]},{"resource":"module.ec2.aws_instance.db_instance","attribute":[]},{"resource":"module.s3_bucket_db_backups.aws_s3_bucket.db_backups_bucket","attribute":["bucket_regional_domain_name"]},{"resource":"module.ec2.data.hcp_packer_artifact.mongo_ami","attribute":["external_identifier"]},{"resource":"module.network.aws_nat_gateway.nat","attribute":[]},{"resource":"module.network.aws_vpc.main","attribute":["id"]},{"resource":"module.ec2.aws_security_group.mongo_db_sg","attribute":["id"]},{"resource":"module.network.aws_route_table.private","attribute":[]},{"resource":"module.s3_bucket_db_backups.data.aws_iam_policy_document.bucket_policy_document","attribute":["json"]},{"resource":"module.s3_bucket_db_backups.aws_s3_bucket.db_backups_bucket","attribute":["id"]},{"resource":"module.s3_bucket_db_backups.aws_s3_bucket_website_configuration.db_backups_website","attribute":["website_endpoint"]}],"timestamp":"2025-09-04T22:25:16Z","applyable":true,"complete":true,"errored":false}

